FORGE
  remote: https://forge.puppet.com
  specs:
    computology-packagecloud (0.3.2)
      puppetlabs-stdlib (>= 0.0.0)
    darin-zypprepo (1.0.2)
    example42-puppi (2.2.3)
      puppetlabs-stdlib (< 5.0.0, >= 3.2.0)
    example42-yum (2.1.28)
      example42-puppi (>= 2.0.0)
    maestrodev-wget (1.7.3)
    mayflower-php (4.0.0-beta1)
      darin-zypprepo (~> 1.0)
      example42-yum (~> 2.0)
      puppetlabs-apt (< 3.0.0, >= 1.8.0)
      puppetlabs-inifile (~> 1.0)
      puppetlabs-stdlib (< 5.0.0, >= 4.2.0)
    puppet-staging (2.2.0)
    puppetlabs-apache (1.11.0)
      puppetlabs-concat (< 3.0.0, >= 1.1.1)
      puppetlabs-stdlib (< 5.0.0, >= 4.2.0)
    puppetlabs-apt (2.3.0)
      puppetlabs-stdlib (< 5.0.0, >= 4.5.0)
    puppetlabs-concat (2.2.0)
      puppetlabs-stdlib (< 5.0.0, >= 4.2.0)
    puppetlabs-firewall (1.8.2)
    puppetlabs-gcc (0.3.0)
      puppetlabs-stdlib (< 5.0.0, >= 2.0.0)
    puppetlabs-git (0.5.0)
      puppetlabs-stdlib (>= 3.2.0)
    puppetlabs-inifile (1.6.0)
    puppetlabs-java (1.6.0)
      puppetlabs-stdlib (< 5.0.0, >= 2.4.0)
    puppetlabs-mysql (3.10.0)
      puppet-staging (< 3.0.0, >= 1.0.1)
      puppetlabs-stdlib (< 5.0.0, >= 3.2.0)
    puppetlabs-nodejs (0.8.0)
      puppetlabs-stdlib (< 5.0.0, >= 2.2.1)
    puppetlabs-stdlib (4.16.0)
    puppetlabs-vcsrepo (1.5.0)
    rodjek-logrotate (1.1.1)
    saz-memcached (3.0.1)
      puppetlabs-firewall (< 2.0.0, >= 0.1.0)
      puppetlabs-stdlib (< 6.0.0, >= 4.6.0)
    zivtech-drush_fetcher (1.0.3)
      puppetlabs-stdlib (>= 1.0.0)
      zivtech-drush (>= 0.0.0)

GIT
  remote: git://github.com/zivtech/puppet-drupal-php.git
  ref: php7
  sha: 00058e735b18f1c872278dc2b7243441c4f531b7
  specs:
    zivtech-drupal_php (4.0.0)
      mayflower-php (>= 4.0.0)
      puppetlabs-apache (>= 1.10.0)
      puppetlabs-stdlib (>= 1.0.0)

GIT
  remote: git://github.com/zivtech/puppet-drupal-solr.git
  ref: 3.x
  sha: 46f99599afa28a1096549078355173060007ed51
  specs:
    zivtech-drupal_solr (3.0.0)
      computology-packagecloud (>= 0.0.0)
      puppetlabs-java (>= 0.0.0)

GIT
  remote: git://github.com/zivtech/puppet-drush.git
  ref: php7
  sha: 6777271ab293c0aaf70d2356fb93a0593e4db7cd
  specs:
    zivtech-drush (1.2.1)
      puppetlabs-concat (>= 1.0.0)
      puppetlabs-stdlib (>= 1.0.0)
      puppetlabs-vcsrepo (>= 0)
      zivtech-drupal_php (>= 3.4.1)

GIT
  remote: git://github.com/zivtech/puppet-webadmin.git
  ref: master
  sha: 248ac5180b06f9e7bfe6ac2d1026e1a581ab8399
  specs:
    zivtech-webadmin (0.0.1)

DEPENDENCIES
  maestrodev-wget (>= 0)
  puppetlabs-apt (>= 0)
  puppetlabs-gcc (>= 0)
  puppetlabs-git (>= 0)
  puppetlabs-mysql (>= 0)
  puppetlabs-nodejs (= 0.8.0)
  puppetlabs-vcsrepo (>= 0)
  rodjek-logrotate (>= 0)
  saz-memcached (>= 0)
  zivtech-drupal_php (>= 0)
  zivtech-drupal_solr (>= 0)
  zivtech-drush (>= 0)
  zivtech-drush_fetcher (>= 0)
  zivtech-webadmin (>= 0)

